// !$*UTF8*$!
{
	archiveVersion = 1;
	classes = {
	};
	objectVersion = 50;
	objects = {

/* Begin PBXBuildFile section */
		EA43025023E42634006EF184 /* Guerrier.swift in Sources */ = {isa = PBXBuildFile; fileRef = EA43024F23E42634006EF184 /* Guerrier.swift */; };
		EA43025223E42DBD006EF184 /* Archer.swift in Sources */ = {isa = PBXBuildFile; fileRef = EA43025123E42DBD006EF184 /* Archer.swift */; };
		EA43025423E42F12006EF184 /* Espion.swift in Sources */ = {isa = PBXBuildFile; fileRef = EA43025323E42F12006EF184 /* Espion.swift */; };
		EA43025623E42F8E006EF184 /* Magicien.swift in Sources */ = {isa = PBXBuildFile; fileRef = EA43025523E42F8E006EF184 /* Magicien.swift */; };
		EA43025823E42FDF006EF184 /* Monstre.swift in Sources */ = {isa = PBXBuildFile; fileRef = EA43025723E42FDF006EF184 /* Monstre.swift */; };
		EA43025A23E430A1006EF184 /* Joueur.swift in Sources */ = {isa = PBXBuildFile; fileRef = EA43025923E430A1006EF184 /* Joueur.swift */; };
		EA43025C23E43311006EF184 /* Game.swift in Sources */ = {isa = PBXBuildFile; fileRef = EA43025B23E43311006EF184 /* Game.swift */; };
		EA43BB3E23E395AE004E4101 /* main.swift in Sources */ = {isa = PBXBuildFile; fileRef = EA43BB3D23E395AE004E4101 /* main.swift */; };
		EA43BB4523E395F8004E4101 /* Hero.swift in Sources */ = {isa = PBXBuildFile; fileRef = EA43BB4423E395F8004E4101 /* Hero.swift */; };
/* End PBXBuildFile section */

/* Begin PBXCopyFilesBuildPhase section */
		EA43BB3823E395AE004E4101 /* CopyFiles */ = {
			isa = PBXCopyFilesBuildPhase;
			buildActionMask = 2147483647;
			dstPath = /usr/share/man/man1/;
			dstSubfolderSpec = 0;
			files = (
			);
			runOnlyForDeploymentPostprocessing = 1;
		};
/* End PBXCopyFilesBuildPhase section */

/* Begin PBXFileReference section */
		EA43024F23E42634006EF184 /* Guerrier.swift */ = {isa = PBXFileReference; lastKnownFileType = sourcecode.swift; path = Guerrier.swift; sourceTree = "<group>"; };
		EA43025123E42DBD006EF184 /* Archer.swift */ = {isa = PBXFileReference; lastKnownFileType = sourcecode.swift; path = Archer.swift; sourceTree = "<group>"; };
		EA43025323E42F12006EF184 /* Espion.swift */ = {isa = PBXFileReference; lastKnownFileType = sourcecode.swift; path = Espion.swift; sourceTree = "<group>"; };
		EA43025523E42F8E006EF184 /* Magicien.swift */ = {isa = PBXFileReference; lastKnownFileType = sourcecode.swift; path = Magicien.swift; sourceTree = "<group>"; };
		EA43025723E42FDF006EF184 /* Monstre.swift */ = {isa = PBXFileReference; lastKnownFileType = sourcecode.swift; path = Monstre.swift; sourceTree = "<group>"; };
		EA43025923E430A1006EF184 /* Joueur.swift */ = {isa = PBXFileReference; lastKnownFileType = sourcecode.swift; path = Joueur.swift; sourceTree = "<group>"; };
		EA43025B23E43311006EF184 /* Game.swift */ = {isa = PBXFileReference; lastKnownFileType = sourcecode.swift; path = Game.swift; sourceTree = "<group>"; };
		EA43BB3A23E395AE004E4101 /* rpg */ = {isa = PBXFileReference; explicitFileType = "compiled.mach-o.executable"; includeInIndex = 0; path = rpg; sourceTree = BUILT_PRODUCTS_DIR; };
		EA43BB3D23E395AE004E4101 /* main.swift */ = {isa = PBXFileReference; lastKnownFileType = sourcecode.swift; path = main.swift; sourceTree = "<group>"; };
		EA43BB4423E395F8004E4101 /* Hero.swift */ = {isa = PBXFileReference; lastKnownFileType = sourcecode.swift; path = Hero.swift; sourceTree = "<group>"; };
/* End PBXFileReference section */

/* Begin PBXFrameworksBuildPhase section */
		EA43BB3723E395AE004E4101 /* Frameworks */ = {
			isa = PBXFrameworksBuildPhase;
			buildActionMask = 2147483647;
			files = (
			);
			runOnlyForDeploymentPostprocessing = 0;
		};
/* End PBXFrameworksBuildPhase section */

/* Begin PBXGroup section */
		EA43BB3123E395AE004E4101 = {
			isa = PBXGroup;
			children = (
				EA43BB3C23E395AE004E4101 /* rpg */,
				EA43BB3B23E395AE004E4101 /* Products */,
			);
			sourceTree = "<group>";
		};
		EA43BB3B23E395AE004E4101 /* Products */ = {
			isa = PBXGroup;
			children = (
				EA43BB3A23E395AE004E4101 /* rpg */,
			);
			name = Products;
			sourceTree = "<group>";
		};
		EA43BB3C23E395AE004E4101 /* rpg */ = {
			isa = PBXGroup;
			children = (
				EA43BB4423E395F8004E4101 /* Hero.swift */,
				EA43024F23E42634006EF184 /* Guerrier.swift */,
				EA43025123E42DBD006EF184 /* Archer.swift */,
				EA43025523E42F8E006EF184 /* Magicien.swift */,
				EA43025723E42FDF006EF184 /* Monstre.swift */,
				EA43025323E42F12006EF184 /* Espion.swift */,
				EA43025923E430A1006EF184 /* Joueur.swift */,
				EA43025B23E43311006EF184 /* Game.swift */,
				EA43BB3D23E395AE004E4101 /* main.swift */,
			);
			path = rpg;
			sourceTree = "<group>";
		};
/* End PBXGroup section */

/* Begin PBXNativeTarget section */
		EA43BB3923E395AE004E4101 /* rpg */ = {
			isa = PBXNativeTarget;
			buildConfigurationList = EA43BB4123E395AE004E4101 /* Build configuration list for PBXNativeTarget "rpg" */;
			buildPhases = (
				EA43BB3623E395AE004E4101 /* Sources */,
				EA43BB3723E395AE004E4101 /* Frameworks */,
				EA43BB3823E395AE004E4101 /* CopyFiles */,
			);
			buildRules = (
			);
			dependencies = (
			);
			name = rpg;
			productName = rpg;
			productReference = EA43BB3A23E395AE004E4101 /* rpg */;
			productType = "com.apple.product-type.tool";
		};
/* End PBXNativeTarget section */

/* Begin PBXProject section */
		EA43BB3223E395AE004E4101 /* Project object */ = {
			isa = PBXProject;
			attributes = {
				LastSwiftUpdateCheck = 1120;
				LastUpgradeCheck = 1120;
				ORGANIZATIONNAME = "ayite ";
				TargetAttributes = {
					EA43BB3923E395AE004E4101 = {
						CreatedOnToolsVersion = 11.2.1;
					};
				};
			};
			buildConfigurationList = EA43BB3523E395AE004E4101 /* Build configuration list for PBXProject "rpg" */;
			compatibilityVersion = "Xcode 9.3";
			developmentRegion = en;
			hasScannedForEncodings = 0;
			knownRegions = (
				en,
				Base,
			);
			mainGroup = EA43BB3123E395AE004E4101;
			productRefGroup = EA43BB3B23E395AE004E4101 /* Products */;
			projectDirPath = "";
			projectRoot = "";
			targets = (
				EA43BB3923E395AE004E4101 /* rpg */,
			);
		};
/* End PBXProject section */

/* Begin PBXSourcesBuildPhase section */
		EA43BB3623E395AE004E4101 /* Sources */ = {
			isa = PBXSourcesBuildPhase;
			buildActionMask = 2147483647;
			files = (
				EA43025423E42F12006EF184 /* Espion.swift in Sources */,
				EA43025C23E43311006EF184 /* Game.swift in Sources */,
				EA43025A23E430A1006EF184 /* Joueur.swift in Sources */,
				EA43025223E42DBD006EF184 /* Archer.swift in Sources */,
				EA43025023E42634006EF184 /* Guerrier.swift in Sources */,
				EA43BB3E23E395AE004E4101 /* main.swift in Sources */,
				EA43025623E42F8E006EF184 /* Magicien.swift in Sources */,
				EA43BB4523E395F8004E4101 /* Hero.swift in Sources */,
				EA43025823E42FDF006EF184 /* Monstre.swift in Sources */,
			);
			runOnlyForDeploymentPostprocessing = 0;
		};
/* End PBXSourcesBuildPhase section */

/* Begin XCBuildConfiguration section */
		EA43BB3F23E395AE004E4101 /* Debug */ = {
			isa = XCBuildConfiguration;
			buildSettings = {
				ALWAYS_SEARCH_USER_PATHS = NO;
				CLANG_ANALYZER_NONNULL = YES;
				CLANG_ANALYZER_NUMBER_OBJECT_CONVERSION = YES_AGGRESSIVE;
				CLANG_CXX_LANGUAGE_STANDARD = "gnu++14";
				CLANG_CXX_LIBRARY = "libc++";
				CLANG_ENABLE_MODULES = YES;
				CLANG_ENABLE_OBJC_ARC = YES;
				CLANG_ENABLE_OBJC_WEAK = YES;
				CLANG_WARN_BLOCK_CAPTURE_AUTORELEASING = YES;
				CLANG_WARN_BOOL_CONVERSION = YES;
				CLANG_WARN_COMMA = YES;
				CLANG_WARN_CONSTANT_CONVERSION = YES;
				CLANG_WARN_DEPRECATED_OBJC_IMPLEMENTATIONS = YES;
				CLANG_WARN_DIRECT_OBJC_ISA_USAGE = YES_ERROR;
				CLANG_WARN_DOCUMENTATION_COMMENTS = YES;
				CLANG_WARN_EMPTY_BODY = YES;
				CLANG_WARN_ENUM_CONVERSION = YES;
				CLANG_WARN_INFINITE_RECURSION = YES;
				CLANG_WARN_INT_CONVERSION = YES;
				CLANG_WARN_NON_LITERAL_NULL_CONVERSION = YES;
				CLANG_WARN_OBJC_IMPLICIT_RETAIN_SELF = YES;
				CLANG_WARN_OBJC_LITERAL_CONVERSION = YES;
				CLANG_WARN_OBJC_ROOT_CLASS = YES_ERROR;
				CLANG_WARN_RANGE_LOOP_ANALYSIS = YES;
				CLANG_WARN_STRICT_PROTOTYPES = YES;
				CLANG_WARN_SUSPICIOUS_MOVE = YES;
				CLANG_WARN_UNGUARDED_AVAILABILITY = YES_AGGRESSIVE;
				CLANG_WARN_UNREACHABLE_CODE = YES;
				CLANG_WARN__DUPLICATE_METHOD_MATCH = YES;
				COPY_PHASE_STRIP = NO;
				DEBUG_INFORMATION_FORMAT = dwarf;
				ENABLE_STRICT_OBJC_MSGSEND = YES;
				ENABLE_TESTABILITY = YES;
				GCC_C_LANGUAGE_STANDARD = gnu11;
				GCC_DYNAMIC_NO_PIC = NO;
				GCC_NO_COMMON_BLOCKS = YES;
				GCC_OPTIMIZATION_LEVEL = 0;
				GCC_PREPROCESSOR_DEFINITIONS = (
					"DEBUG=1",
					"$(inherited)",
				);
				GCC_WARN_64_TO_32_BIT_CONVERSION = YES;
				GCC_WARN_ABOUT_RETURN_TYPE = YES_ERROR;
				GCC_WARN_UNDECLARED_SELECTOR = YES;
				GCC_WARN_UNINITIALIZED_AUTOS = YES_AGGRESSIVE;
				GCC_WARN_UNUSED_FUNCTION = YES;
				GCC_WARN_UNUSED_VARIABLE = YES;
				MACOSX_DEPLOYMENT_TARGET = 10.14;
				MTL_ENABLE_DEBUG_INFO = INCLUDE_SOURCE;
				MTL_FAST_MATH = YES;
				ONLY_ACTIVE_ARCH = YES;
				SDKROOT = macosx;
				SWIFT_ACTIVE_COMPILATION_CONDITIONS = DEBUG;
				SWIFT_OPTIMIZATION_LEVEL = "-Onone";
			};
			name = Debug;
		};
		EA43BB4023E395AE004E4101 /* Release */ = {
			isa = XCBuildConfiguration;
			buildSettings = {
				ALWAYS_SEARCH_USER_PATHS = NO;
				CLANG_ANALYZER_NONNULL = YES;
				CLANG_ANALYZER_NUMBER_OBJECT_CONVERSION = YES_AGGRESSIVE;
				CLANG_CXX_LANGUAGE_STANDARD = "gnu++14";
				CLANG_CXX_LIBRARY = "libc++";
				CLANG_ENABLE_MODULES = YES;
				CLANG_ENABLE_OBJC_ARC = YES;
				CLANG_ENABLE_OBJC_WEAK = YES;
				CLANG_WARN_BLOCK_CAPTURE_AUTORELEASING = YES;
				CLANG_WARN_BOOL_CONVERSION = YES;
				CLANG_WARN_COMMA = YES;
				CLANG_WARN_CONSTANT_CONVERSION = YES;
				CLANG_WARN_DEPRECATED_OBJC_IMPLEMENTATIONS = YES;
				CLANG_WARN_DIRECT_OBJC_ISA_USAGE = YES_ERROR;
				CLANG_WARN_DOCUMENTATION_COMMENTS = YES;
				CLANG_WARN_EMPTY_BODY = YES;
				CLANG_WARN_ENUM_CONVERSION = YES;
				CLANG_WARN_INFINITE_RECURSION = YES;
				CLANG_WARN_INT_CONVERSION = YES;
				CLANG_WARN_NON_LITERAL_NULL_CONVERSION = YES;
				CLANG_WARN_OBJC_IMPLICIT_RETAIN_SELF = YES;
				CLANG_WARN_OBJC_LITERAL_CONVERSION = YES;
				CLANG_WARN_OBJC_ROOT_CLASS = YES_ERROR;
				CLANG_WARN_RANGE_LOOP_ANALYSIS = YES;
				CLANG_WARN_STRICT_PROTOTYPES = YES;
				CLANG_WARN_SUSPICIOUS_MOVE = YES;
				CLANG_WARN_UNGUARDED_AVAILABILITY = YES_AGGRESSIVE;
				CLANG_WARN_UNREACHABLE_CODE = YES;
				CLANG_WARN__DUPLICATE_METHOD_MATCH = YES;
				COPY_PHASE_STRIP = NO;
				DEBUG_INFORMATION_FORMAT = "dwarf-with-dsym";
				ENABLE_NS_ASSERTIONS = NO;
				ENABLE_STRICT_OBJC_MSGSEND = YES;
				GCC_C_LANGUAGE_STANDARD = gnu11;
				GCC_NO_COMMON_BLOCKS = YES;
				GCC_WARN_64_TO_32_BIT_CONVERSION = YES;
				GCC_WARN_ABOUT_RETURN_TYPE = YES_ERROR;
				GCC_WARN_UNDECLARED_SELECTOR = YES;
				GCC_WARN_UNINITIALIZED_AUTOS = YES_AGGRESSIVE;
				GCC_WARN_UNUSED_FUNCTION = YES;
				GCC_WARN_UNUSED_VARIABLE = YES;
				MACOSX_DEPLOYMENT_TARGET = 10.14;
				MTL_ENABLE_DEBUG_INFO = NO;
				MTL_FAST_MATH = YES;
				SDKROOT = macosx;
				SWIFT_COMPILATION_MODE = wholemodule;
				SWIFT_OPTIMIZATION_LEVEL = "-O";
			};
			name = Release;
		};
		EA43BB4223E395AE004E4101 /* Debug */ = {
			isa = XCBuildConfiguration;
			buildSettings = {
				CODE_SIGN_STYLE = Automatic;
				PRODUCT_NAME = "$(TARGET_NAME)";
				SWIFT_VERSION = 5.0;
			};
			name = Debug;
		};
		EA43BB4323E395AE004E4101 /* Release */ = {
			isa = XCBuildConfiguration;
			buildSettings = {
				CODE_SIGN_STYLE = Automatic;
				PRODUCT_NAME = "$(TARGET_NAME)";
				SWIFT_VERSION = 5.0;
			};
			name = Release;
		};
/* End XCBuildConfiguration section */

/* Begin XCConfigurationList section */
		EA43BB3523E395AE004E4101 /* Build configuration list for PBXProject "rpg" */ = {
			isa = XCConfigurationList;
			buildConfigurations = (
				EA43BB3F23E395AE004E4101 /* Debug */,
				EA43BB4023E395AE004E4101 /* Release */,
			);
			defaultConfigurationIsVisible = 0;
			defaultConfigurationName = Release;
		};
		EA43BB4123E395AE004E4101 /* Build configuration list for PBXNativeTarget "rpg" */ = {
			isa = XCConfigurationList;
			buildConfigurations = (
				EA43BB4223E395AE004E4101 /* Debug */,
				EA43BB4323E395AE004E4101 /* Release */,
			);
			defaultConfigurationIsVisible = 0;
			defaultConfigurationName = Release;
		};
/* End XCConfigurationList section */
	};
	rootObject = EA43BB3223E395AE004E4101 /* Project object */;
}
